{
  "version": 1,
  "kex": {"requirement": ">= 0.4.0-beta", "version": "0.4.0-beta"},
  "otp": {"requirement": "", "release": 29},
  "deps": {
    "rodolfo": {"git": "https://github.com/kexhq/rodolfo", "resolved": "main", "commit": "d36c62b9d28f406624294ba73812c865e9f10330", "sha256": "4992c4f1bcd660b9a6abee706a3c5205f78675b37118e80b611e7268e0177893", "groups": []}
  }
}
