{
  "version": 1,
  "kex": {"requirement": ">= 0.4.0-alpha", "version": "0.4.0-beta"},
  "otp": {"requirement": "", "release": 29},
  "deps": {
    "rodolfo": {"git": "https://github.com/kexhq/rodolfo", "resolved": "main", "commit": "1c04dd3cd9609880e57528f95639ccd4b3c95e59", "sha256": "3ce2fe349764e6e38b68645ee03009eb8db247f9fc46f074c955a2348f2192e0", "groups": []}
  }
}
